
Microsoft Visual Studio Solution File, Format Version 12.00
# Visual Studio Version 17
VisualStudioVersion = 17.6.33712.159
MinimumVisualStudioVersion = 10.0.40219.1
Project("{2150E333-8FDC-42A3-9474-1A3956D46DE8}") = "OOP", "OOP", "{B8751D07-5802-440D-9F8A-C75D3B12D16B}"
EndProject
Project("{2150E333-8FDC-42A3-9474-1A3956D46DE8}") = "Application", "Application", "{F7BF481E-9853-4345-92EE-7FD222BFBDEB}"
EndProject
Project("{2150E333-8FDC-42A3-9474-1A3956D46DE8}") = "Tools", "Tools", "{137663D1-EEA1-4E84-8A01-DF0242F3E9F6}"
EndProject
Project("{2150E333-8FDC-42A3-9474-1A3956D46DE8}") = "Tests", "Tests", "{F41841DC-270F-4B1D-BF40-DED6D608CEEA}"
EndProject
Project("{2150E333-8FDC-42A3-9474-1A3956D46DE8}") = "Helpers", "Helpers", "{02F3E5A8-D383-4566-A600-5708FF0B4688}"
EndProject
Project("{9A19103F-16F7-4668-BE54-9A1E7A4F7556}") = "Helpers", "Helper\Helpers.csproj", "{C4563347-18B3-455E-9584-26359FADCC68}"
EndProject
Project("{FAE04EC0-301F-11D3-BF4B-00C04F79EFBC}") = "MainProgram", "MainProgram\MainProgram.csproj", "{A6526C3E-BFEE-4B04-9348-7393D8A7015B}"
EndProject
Project("{FAE04EC0-301F-11D3-BF4B-00C04F79EFBC}") = "Services", "Services2\Services.csproj", "{7E9365B8-000F-438B-A590-7FE350A5F8FF}"
EndProject
Project("{FAE04EC0-301F-11D3-BF4B-00C04F79EFBC}") = "Models", "Models1\Models.csproj", "{A0C935AD-BF66-432F-A0A4-D4BA3003C8AF}"
EndProject
Project("{FAE04EC0-301F-11D3-BF4B-00C04F79EFBC}") = "ServiceTests", "ServiceTests1\ServiceTests.csproj", "{E0270FA9-3164-43C9-98A9-C5C57FC787A7}"
EndProject
Project("{FAE04EC0-301F-11D3-BF4B-00C04F79EFBC}") = "PracticeWithTypes", "PracticeWithTypes1\PracticeWithTypes.csproj", "{73522AAB-F239-4A10-B323-D003DEF32F08}"
EndProject
Project("{FAE04EC0-301F-11D3-BF4B-00C04F79EFBC}") = "OOP Examples", "OOP Examples1\OOP Examples.csproj", "{A7F63481-4197-4742-8129-D9005000CD29}"
EndProject
Project("{FAE04EC0-301F-11D3-BF4B-00C04F79EFBC}") = "Services.Tests", "Services.Tests1\Services.Tests.csproj", "{A48497DB-D05B-403B-AA5B-4959EECC6738}"
EndProject
Global
	GlobalSection(SolutionConfigurationPlatforms) = preSolution
		Debug|Any CPU = Debug|Any CPU
		Release|Any CPU = Release|Any CPU
	EndGlobalSection
	GlobalSection(ProjectConfigurationPlatforms) = postSolution
		{C4563347-18B3-455E-9584-26359FADCC68}.Debug|Any CPU.ActiveCfg = Debug|Any CPU
		{C4563347-18B3-455E-9584-26359FADCC68}.Debug|Any CPU.Build.0 = Debug|Any CPU
		{C4563347-18B3-455E-9584-26359FADCC68}.Release|Any CPU.ActiveCfg = Release|Any CPU
		{C4563347-18B3-455E-9584-26359FADCC68}.Release|Any CPU.Build.0 = Release|Any CPU
		{A6526C3E-BFEE-4B04-9348-7393D8A7015B}.Debug|Any CPU.ActiveCfg = Debug|Any CPU
		{A6526C3E-BFEE-4B04-9348-7393D8A7015B}.Debug|Any CPU.Build.0 = Debug|Any CPU
		{A6526C3E-BFEE-4B04-9348-7393D8A7015B}.Release|Any CPU.ActiveCfg = Release|Any CPU
		{A6526C3E-BFEE-4B04-9348-7393D8A7015B}.Release|Any CPU.Build.0 = Release|Any CPU
		{7E9365B8-000F-438B-A590-7FE350A5F8FF}.Debug|Any CPU.ActiveCfg = Debug|Any CPU
		{7E9365B8-000F-438B-A590-7FE350A5F8FF}.Debug|Any CPU.Build.0 = Debug|Any CPU
		{7E9365B8-000F-438B-A590-7FE350A5F8FF}.Release|Any CPU.ActiveCfg = Release|Any CPU
		{7E9365B8-000F-438B-A590-7FE350A5F8FF}.Release|Any CPU.Build.0 = Release|Any CPU
		{A0C935AD-BF66-432F-A0A4-D4BA3003C8AF}.Debug|Any CPU.ActiveCfg = Debug|Any CPU
		{A0C935AD-BF66-432F-A0A4-D4BA3003C8AF}.Debug|Any CPU.Build.0 = Debug|Any CPU
		{A0C935AD-BF66-432F-A0A4-D4BA3003C8AF}.Release|Any CPU.ActiveCfg = Release|Any CPU
		{A0C935AD-BF66-432F-A0A4-D4BA3003C8AF}.Release|Any CPU.Build.0 = Release|Any CPU
		{E0270FA9-3164-43C9-98A9-C5C57FC787A7}.Debug|Any CPU.ActiveCfg = Debug|Any CPU
		{E0270FA9-3164-43C9-98A9-C5C57FC787A7}.Debug|Any CPU.Build.0 = Debug|Any CPU
		{E0270FA9-3164-43C9-98A9-C5C57FC787A7}.Release|Any CPU.ActiveCfg = Release|Any CPU
		{E0270FA9-3164-43C9-98A9-C5C57FC787A7}.Release|Any CPU.Build.0 = Release|Any CPU
		{73522AAB-F239-4A10-B323-D003DEF32F08}.Debug|Any CPU.ActiveCfg = Debug|Any CPU
		{73522AAB-F239-4A10-B323-D003DEF32F08}.Debug|Any CPU.Build.0 = Debug|Any CPU
		{73522AAB-F239-4A10-B323-D003DEF32F08}.Release|Any CPU.ActiveCfg = Release|Any CPU
		{73522AAB-F239-4A10-B323-D003DEF32F08}.Release|Any CPU.Build.0 = Release|Any CPU
		{A7F63481-4197-4742-8129-D9005000CD29}.Debug|Any CPU.ActiveCfg = Debug|Any CPU
		{A7F63481-4197-4742-8129-D9005000CD29}.Debug|Any CPU.Build.0 = Debug|Any CPU
		{A7F63481-4197-4742-8129-D9005000CD29}.Release|Any CPU.ActiveCfg = Release|Any CPU
		{A7F63481-4197-4742-8129-D9005000CD29}.Release|Any CPU.Build.0 = Release|Any CPU
		{A48497DB-D05B-403B-AA5B-4959EECC6738}.Debug|Any CPU.ActiveCfg = Debug|Any CPU
		{A48497DB-D05B-403B-AA5B-4959EECC6738}.Debug|Any CPU.Build.0 = Debug|Any CPU
		{A48497DB-D05B-403B-AA5B-4959EECC6738}.Release|Any CPU.ActiveCfg = Release|Any CPU
		{A48497DB-D05B-403B-AA5B-4959EECC6738}.Release|Any CPU.Build.0 = Release|Any CPU
	EndGlobalSection
	GlobalSection(SolutionProperties) = preSolution
		HideSolutionNode = FALSE
	EndGlobalSection
	GlobalSection(NestedProjects) = preSolution
		{C4563347-18B3-455E-9584-26359FADCC68} = {02F3E5A8-D383-4566-A600-5708FF0B4688}
		{7E9365B8-000F-438B-A590-7FE350A5F8FF} = {F7BF481E-9853-4345-92EE-7FD222BFBDEB}
		{A0C935AD-BF66-432F-A0A4-D4BA3003C8AF} = {F7BF481E-9853-4345-92EE-7FD222BFBDEB}
		{E0270FA9-3164-43C9-98A9-C5C57FC787A7} = {F7BF481E-9853-4345-92EE-7FD222BFBDEB}
		{73522AAB-F239-4A10-B323-D003DEF32F08} = {137663D1-EEA1-4E84-8A01-DF0242F3E9F6}
		{A7F63481-4197-4742-8129-D9005000CD29} = {B8751D07-5802-440D-9F8A-C75D3B12D16B}
		{A48497DB-D05B-403B-AA5B-4959EECC6738} = {F41841DC-270F-4B1D-BF40-DED6D608CEEA}
	EndGlobalSection
	GlobalSection(ExtensibilityGlobals) = postSolution
		SolutionGuid = {30A4F90F-2671-4DED-9E67-D103A99B60EC}
	EndGlobalSection
EndGlobal
