
Microsoft Visual Studio Solution File, Format Version 12.00
# Visual Studio Version 17
VisualStudioVersion = 17.6.33712.159
MinimumVisualStudioVersion = 10.0.40219.1
Project("{2150E333-8FDC-42A3-9474-1A3956D46DE8}") = "Applications", "Applications", "{05B92CBA-EF5D-408A-9366-9B8DB0D39D26}"
EndProject
Project("{9A19103F-16F7-4668-BE54-9A1E7A4F7556}") = "Models", "Models\Models.csproj", "{22056DF9-66F3-4D41-AC28-83A70C369FDE}"
EndProject
Project("{9A19103F-16F7-4668-BE54-9A1E7A4F7556}") = "Services", "Services\Services.csproj", "{A6A5907E-2E16-4347-A620-61738E826FBE}"
EndProject
Project("{2150E333-8FDC-42A3-9474-1A3956D46DE8}") = "Helpers", "Helpers", "{930275CB-8AA7-4344-A6F2-4904603B35A0}"
EndProject
Project("{9A19103F-16F7-4668-BE54-9A1E7A4F7556}") = "Helpers", "Helpers\Helpers.csproj", "{57E7E4F1-CA06-48B1-B8FB-4ADA83C6FA20}"
EndProject
Project("{2150E333-8FDC-42A3-9474-1A3956D46DE8}") = "Tests", "Tests", "{E6EE2CE0-B5A7-4FB0-85B5-EB304099E04C}"
EndProject
Project("{2150E333-8FDC-42A3-9474-1A3956D46DE8}") = "Tools", "Tools", "{215933FD-1983-49DD-9D59-F05AD444B7BC}"
EndProject
Project("{9A19103F-16F7-4668-BE54-9A1E7A4F7556}") = "PracticeWithTypes", "PracticeWithTypes\PracticeWithTypes.csproj", "{D6466E86-2282-48ED-BB96-9DD318C09CA0}"
EndProject
Project("{9A19103F-16F7-4668-BE54-9A1E7A4F7556}") = "MainProgram", "MainProgram\MainProgram.csproj", "{976F2DCA-6485-4C1A-B799-B3E9EFAB27D7}"
EndProject
Project("{9A19103F-16F7-4668-BE54-9A1E7A4F7556}") = "ExportTool", "ExportTool\ExportTool.csproj", "{8D930D96-962F-47D3-93ED-4877C5AE1F79}"
EndProject
Project("{9A19103F-16F7-4668-BE54-9A1E7A4F7556}") = "Services.Tests", "СlientServiceTests\Services.Tests.csproj", "{CA289256-DD99-4FE8-A73C-B90024A0EA5B}"
EndProject
Project("{2150E333-8FDC-42A3-9474-1A3956D46DE8}") = "API", "API", "{F02A164E-BF21-4A32-A801-EA9796EE887C}"
EndProject
Project("{FAE04EC0-301F-11D3-BF4B-00C04F79EFBC}") = "BankAPI", "BankAPI\BankAPI.csproj", "{6C02D71F-4E4D-4D5F-B8F6-DEFA10C46614}"
EndProject
Global
	GlobalSection(SolutionConfigurationPlatforms) = preSolution
		Debug|Any CPU = Debug|Any CPU
		Release|Any CPU = Release|Any CPU
	EndGlobalSection
	GlobalSection(ProjectConfigurationPlatforms) = postSolution
		{22056DF9-66F3-4D41-AC28-83A70C369FDE}.Debug|Any CPU.ActiveCfg = Debug|Any CPU
		{22056DF9-66F3-4D41-AC28-83A70C369FDE}.Debug|Any CPU.Build.0 = Debug|Any CPU
		{22056DF9-66F3-4D41-AC28-83A70C369FDE}.Release|Any CPU.ActiveCfg = Release|Any CPU
		{22056DF9-66F3-4D41-AC28-83A70C369FDE}.Release|Any CPU.Build.0 = Release|Any CPU
		{A6A5907E-2E16-4347-A620-61738E826FBE}.Debug|Any CPU.ActiveCfg = Debug|Any CPU
		{A6A5907E-2E16-4347-A620-61738E826FBE}.Debug|Any CPU.Build.0 = Debug|Any CPU
		{A6A5907E-2E16-4347-A620-61738E826FBE}.Release|Any CPU.ActiveCfg = Release|Any CPU
		{A6A5907E-2E16-4347-A620-61738E826FBE}.Release|Any CPU.Build.0 = Release|Any CPU
		{57E7E4F1-CA06-48B1-B8FB-4ADA83C6FA20}.Debug|Any CPU.ActiveCfg = Debug|Any CPU
		{57E7E4F1-CA06-48B1-B8FB-4ADA83C6FA20}.Debug|Any CPU.Build.0 = Debug|Any CPU
		{57E7E4F1-CA06-48B1-B8FB-4ADA83C6FA20}.Release|Any CPU.ActiveCfg = Release|Any CPU
		{57E7E4F1-CA06-48B1-B8FB-4ADA83C6FA20}.Release|Any CPU.Build.0 = Release|Any CPU
		{D6466E86-2282-48ED-BB96-9DD318C09CA0}.Debug|Any CPU.ActiveCfg = Debug|Any CPU
		{D6466E86-2282-48ED-BB96-9DD318C09CA0}.Debug|Any CPU.Build.0 = Debug|Any CPU
		{D6466E86-2282-48ED-BB96-9DD318C09CA0}.Release|Any CPU.ActiveCfg = Release|Any CPU
		{D6466E86-2282-48ED-BB96-9DD318C09CA0}.Release|Any CPU.Build.0 = Release|Any CPU
		{976F2DCA-6485-4C1A-B799-B3E9EFAB27D7}.Debug|Any CPU.ActiveCfg = Debug|Any CPU
		{976F2DCA-6485-4C1A-B799-B3E9EFAB27D7}.Debug|Any CPU.Build.0 = Debug|Any CPU
		{976F2DCA-6485-4C1A-B799-B3E9EFAB27D7}.Release|Any CPU.ActiveCfg = Release|Any CPU
		{976F2DCA-6485-4C1A-B799-B3E9EFAB27D7}.Release|Any CPU.Build.0 = Release|Any CPU
		{8D930D96-962F-47D3-93ED-4877C5AE1F79}.Debug|Any CPU.ActiveCfg = Debug|Any CPU
		{8D930D96-962F-47D3-93ED-4877C5AE1F79}.Debug|Any CPU.Build.0 = Debug|Any CPU
		{8D930D96-962F-47D3-93ED-4877C5AE1F79}.Release|Any CPU.ActiveCfg = Release|Any CPU
		{8D930D96-962F-47D3-93ED-4877C5AE1F79}.Release|Any CPU.Build.0 = Release|Any CPU
		{CA289256-DD99-4FE8-A73C-B90024A0EA5B}.Debug|Any CPU.ActiveCfg = Debug|Any CPU
		{CA289256-DD99-4FE8-A73C-B90024A0EA5B}.Debug|Any CPU.Build.0 = Debug|Any CPU
		{CA289256-DD99-4FE8-A73C-B90024A0EA5B}.Release|Any CPU.ActiveCfg = Release|Any CPU
		{CA289256-DD99-4FE8-A73C-B90024A0EA5B}.Release|Any CPU.Build.0 = Release|Any CPU
		{6C02D71F-4E4D-4D5F-B8F6-DEFA10C46614}.Debug|Any CPU.ActiveCfg = Debug|Any CPU
		{6C02D71F-4E4D-4D5F-B8F6-DEFA10C46614}.Debug|Any CPU.Build.0 = Debug|Any CPU
		{6C02D71F-4E4D-4D5F-B8F6-DEFA10C46614}.Release|Any CPU.ActiveCfg = Release|Any CPU
		{6C02D71F-4E4D-4D5F-B8F6-DEFA10C46614}.Release|Any CPU.Build.0 = Release|Any CPU
	EndGlobalSection
	GlobalSection(SolutionProperties) = preSolution
		HideSolutionNode = FALSE
	EndGlobalSection
	GlobalSection(NestedProjects) = preSolution
		{22056DF9-66F3-4D41-AC28-83A70C369FDE} = {05B92CBA-EF5D-408A-9366-9B8DB0D39D26}
		{A6A5907E-2E16-4347-A620-61738E826FBE} = {05B92CBA-EF5D-408A-9366-9B8DB0D39D26}
		{57E7E4F1-CA06-48B1-B8FB-4ADA83C6FA20} = {930275CB-8AA7-4344-A6F2-4904603B35A0}
		{D6466E86-2282-48ED-BB96-9DD318C09CA0} = {215933FD-1983-49DD-9D59-F05AD444B7BC}
		{8D930D96-962F-47D3-93ED-4877C5AE1F79} = {05B92CBA-EF5D-408A-9366-9B8DB0D39D26}
		{CA289256-DD99-4FE8-A73C-B90024A0EA5B} = {E6EE2CE0-B5A7-4FB0-85B5-EB304099E04C}
		{6C02D71F-4E4D-4D5F-B8F6-DEFA10C46614} = {F02A164E-BF21-4A32-A801-EA9796EE887C}
	EndGlobalSection
	GlobalSection(ExtensibilityGlobals) = postSolution
		SolutionGuid = {30A4F90F-2671-4DED-9E67-D103A99B60EC}
	EndGlobalSection
EndGlobal
